
Microsoft Visual Studio Solution File, Format Version 12.00
# Visual Studio 15
VisualStudioVersion = 15.0.26430.15
MinimumVisualStudioVersion = 10.0.40219.1
Project("{D954291E-2A0B-460D-934E-DC6B0785DB48}") = "Nantou_bus", "Nantou_bus\Nantou_bus\Nantou_bus.shproj", "{EC2CB4DD-9BD3-49EE-943E-8BA57AE6BDE8}"
EndProject
Project("{FAE04EC0-301F-11D3-BF4B-00C04F79EFBC}") = "Nantou_bus.Android", "Nantou_bus\Nantou_bus.Android\Nantou_bus.Android.csproj", "{396519DD-645B-412B-A5D3-DB32DEE4A04E}"
EndProject
Project("{FAE04EC0-301F-11D3-BF4B-00C04F79EFBC}") = "Nantou_bus.iOS", "Nantou_bus\Nantou_bus.iOS\Nantou_bus.iOS.csproj", "{5F59FC38-B5EF-4C73-9231-89A6D0E10865}"
EndProject
Global
	GlobalSection(SharedMSBuildProjectFiles) = preSolution
		Nantou_bus\Nantou_bus\Nantou_bus.projitems*{396519dd-645b-412b-a5d3-db32dee4a04e}*SharedItemsImports = 4
		Nantou_bus\Nantou_bus\Nantou_bus.projitems*{5f59fc38-b5ef-4c73-9231-89a6d0e10865}*SharedItemsImports = 4
		Nantou_bus\Nantou_bus\Nantou_bus.projitems*{ec2cb4dd-9bd3-49ee-943e-8ba57ae6bde8}*SharedItemsImports = 13
	EndGlobalSection
	GlobalSection(SolutionConfigurationPlatforms) = preSolution
		Ad-Hoc|Any CPU = Ad-Hoc|Any CPU
		Ad-Hoc|ARM = Ad-Hoc|ARM
		Ad-Hoc|iPhone = Ad-Hoc|iPhone
		Ad-Hoc|iPhoneSimulator = Ad-Hoc|iPhoneSimulator
		Ad-Hoc|x64 = Ad-Hoc|x64
		Ad-Hoc|x86 = Ad-Hoc|x86
		AppStore|Any CPU = AppStore|Any CPU
		AppStore|ARM = AppStore|ARM
		AppStore|iPhone = AppStore|iPhone
		AppStore|iPhoneSimulator = AppStore|iPhoneSimulator
		AppStore|x64 = AppStore|x64
		AppStore|x86 = AppStore|x86
		Debug|Any CPU = Debug|Any CPU
		Debug|ARM = Debug|ARM
		Debug|iPhone = Debug|iPhone
		Debug|iPhoneSimulator = Debug|iPhoneSimulator
		Debug|x64 = Debug|x64
		Debug|x86 = Debug|x86
		Release|Any CPU = Release|Any CPU
		Release|ARM = Release|ARM
		Release|iPhone = Release|iPhone
		Release|iPhoneSimulator = Release|iPhoneSimulator
		Release|x64 = Release|x64
		Release|x86 = Release|x86
	EndGlobalSection
	GlobalSection(ProjectConfigurationPlatforms) = postSolution
		{396519DD-645B-412B-A5D3-DB32DEE4A04E}.Ad-Hoc|Any CPU.ActiveCfg = Release|Any CPU
		{396519DD-645B-412B-A5D3-DB32DEE4A04E}.Ad-Hoc|Any CPU.Build.0 = Release|Any CPU
		{396519DD-645B-412B-A5D3-DB32DEE4A04E}.Ad-Hoc|Any CPU.Deploy.0 = Release|Any CPU
		{396519DD-645B-412B-A5D3-DB32DEE4A04E}.Ad-Hoc|ARM.ActiveCfg = Release|Any CPU
		{396519DD-645B-412B-A5D3-DB32DEE4A04E}.Ad-Hoc|ARM.Build.0 = Release|Any CPU
		{396519DD-645B-412B-A5D3-DB32DEE4A04E}.Ad-Hoc|ARM.Deploy.0 = Release|Any CPU
		{396519DD-645B-412B-A5D3-DB32DEE4A04E}.Ad-Hoc|iPhone.ActiveCfg = Release|Any CPU
		{396519DD-645B-412B-A5D3-DB32DEE4A04E}.Ad-Hoc|iPhone.Build.0 = Release|Any CPU
		{396519DD-645B-412B-A5D3-DB32DEE4A04E}.Ad-Hoc|iPhone.Deploy.0 = Release|Any CPU
		{396519DD-645B-412B-A5D3-DB32DEE4A04E}.Ad-Hoc|iPhoneSimulator.ActiveCfg = Release|Any CPU
		{396519DD-645B-412B-A5D3-DB32DEE4A04E}.Ad-Hoc|iPhoneSimulator.Build.0 = Release|Any CPU
		{396519DD-645B-412B-A5D3-DB32DEE4A04E}.Ad-Hoc|iPhoneSimulator.Deploy.0 = Release|Any CPU
		{396519DD-645B-412B-A5D3-DB32DEE4A04E}.Ad-Hoc|x64.ActiveCfg = Release|Any CPU
		{396519DD-645B-412B-A5D3-DB32DEE4A04E}.Ad-Hoc|x64.Build.0 = Release|Any CPU
		{396519DD-645B-412B-A5D3-DB32DEE4A04E}.Ad-Hoc|x64.Deploy.0 = Release|Any CPU
		{396519DD-645B-412B-A5D3-DB32DEE4A04E}.Ad-Hoc|x86.ActiveCfg = Release|Any CPU
		{396519DD-645B-412B-A5D3-DB32DEE4A04E}.Ad-Hoc|x86.Build.0 = Release|Any CPU
		{396519DD-645B-412B-A5D3-DB32DEE4A04E}.Ad-Hoc|x86.Deploy.0 = Release|Any CPU
		{396519DD-645B-412B-A5D3-DB32DEE4A04E}.AppStore|Any CPU.ActiveCfg = Release|Any CPU
		{396519DD-645B-412B-A5D3-DB32DEE4A04E}.AppStore|Any CPU.Build.0 = Release|Any CPU
		{396519DD-645B-412B-A5D3-DB32DEE4A04E}.AppStore|Any CPU.Deploy.0 = Release|Any CPU
		{396519DD-645B-412B-A5D3-DB32DEE4A04E}.AppStore|ARM.ActiveCfg = Release|Any CPU
		{396519DD-645B-412B-A5D3-DB32DEE4A04E}.AppStore|ARM.Build.0 = Release|Any CPU
		{396519DD-645B-412B-A5D3-DB32DEE4A04E}.AppStore|ARM.Deploy.0 = Release|Any CPU
		{396519DD-645B-412B-A5D3-DB32DEE4A04E}.AppStore|iPhone.ActiveCfg = Release|Any CPU
		{396519DD-645B-412B-A5D3-DB32DEE4A04E}.AppStore|iPhone.Build.0 = Release|Any CPU
		{396519DD-645B-412B-A5D3-DB32DEE4A04E}.AppStore|iPhone.Deploy.0 = Release|Any CPU
		{396519DD-645B-412B-A5D3-DB32DEE4A04E}.AppStore|iPhoneSimulator.ActiveCfg = Release|Any CPU
		{396519DD-645B-412B-A5D3-DB32DEE4A04E}.AppStore|iPhoneSimulator.Build.0 = Release|Any CPU
		{396519DD-645B-412B-A5D3-DB32DEE4A04E}.AppStore|iPhoneSimulator.Deploy.0 = Release|Any CPU
		{396519DD-645B-412B-A5D3-DB32DEE4A04E}.AppStore|x64.ActiveCfg = Release|Any CPU
		{396519DD-645B-412B-A5D3-DB32DEE4A04E}.AppStore|x64.Build.0 = Release|Any CPU
		{396519DD-645B-412B-A5D3-DB32DEE4A04E}.AppStore|x64.Deploy.0 = Release|Any CPU
		{396519DD-645B-412B-A5D3-DB32DEE4A04E}.AppStore|x86.ActiveCfg = Release|Any CPU
		{396519DD-645B-412B-A5D3-DB32DEE4A04E}.AppStore|x86.Build.0 = Release|Any CPU
		{396519DD-645B-412B-A5D3-DB32DEE4A04E}.AppStore|x86.Deploy.0 = Release|Any CPU
		{396519DD-645B-412B-A5D3-DB32DEE4A04E}.Debug|Any CPU.ActiveCfg = Debug|Any CPU
		{396519DD-645B-412B-A5D3-DB32DEE4A04E}.Debug|Any CPU.Build.0 = Debug|Any CPU
		{396519DD-645B-412B-A5D3-DB32DEE4A04E}.Debug|Any CPU.Deploy.0 = Debug|Any CPU
		{396519DD-645B-412B-A5D3-DB32DEE4A04E}.Debug|ARM.ActiveCfg = Debug|Any CPU
		{396519DD-645B-412B-A5D3-DB32DEE4A04E}.Debug|ARM.Build.0 = Debug|Any CPU
		{396519DD-645B-412B-A5D3-DB32DEE4A04E}.Debug|ARM.Deploy.0 = Debug|Any CPU
		{396519DD-645B-412B-A5D3-DB32DEE4A04E}.Debug|iPhone.ActiveCfg = Debug|Any CPU
		{396519DD-645B-412B-A5D3-DB32DEE4A04E}.Debug|iPhone.Build.0 = Debug|Any CPU
		{396519DD-645B-412B-A5D3-DB32DEE4A04E}.Debug|iPhone.Deploy.0 = Debug|Any CPU
		{396519DD-645B-412B-A5D3-DB32DEE4A04E}.Debug|iPhoneSimulator.ActiveCfg = Debug|Any CPU
		{396519DD-645B-412B-A5D3-DB32DEE4A04E}.Debug|iPhoneSimulator.Build.0 = Debug|Any CPU
		{396519DD-645B-412B-A5D3-DB32DEE4A04E}.Debug|iPhoneSimulator.Deploy.0 = Debug|Any CPU
		{396519DD-645B-412B-A5D3-DB32DEE4A04E}.Debug|x64.ActiveCfg = Debug|Any CPU
		{396519DD-645B-412B-A5D3-DB32DEE4A04E}.Debug|x64.Build.0 = Debug|Any CPU
		{396519DD-645B-412B-A5D3-DB32DEE4A04E}.Debug|x64.Deploy.0 = Debug|Any CPU
		{396519DD-645B-412B-A5D3-DB32DEE4A04E}.Debug|x86.ActiveCfg = Debug|Any CPU
		{396519DD-645B-412B-A5D3-DB32DEE4A04E}.Debug|x86.Build.0 = Debug|Any CPU
		{396519DD-645B-412B-A5D3-DB32DEE4A04E}.Debug|x86.Deploy.0 = Debug|Any CPU
		{396519DD-645B-412B-A5D3-DB32DEE4A04E}.Release|Any CPU.ActiveCfg = Release|Any CPU
		{396519DD-645B-412B-A5D3-DB32DEE4A04E}.Release|Any CPU.Build.0 = Release|Any CPU
		{396519DD-645B-412B-A5D3-DB32DEE4A04E}.Release|Any CPU.Deploy.0 = Release|Any CPU
		{396519DD-645B-412B-A5D3-DB32DEE4A04E}.Release|ARM.ActiveCfg = Release|Any CPU
		{396519DD-645B-412B-A5D3-DB32DEE4A04E}.Release|ARM.Build.0 = Release|Any CPU
		{396519DD-645B-412B-A5D3-DB32DEE4A04E}.Release|ARM.Deploy.0 = Release|Any CPU
		{396519DD-645B-412B-A5D3-DB32DEE4A04E}.Release|iPhone.ActiveCfg = Release|Any CPU
		{396519DD-645B-412B-A5D3-DB32DEE4A04E}.Release|iPhone.Build.0 = Release|Any CPU
		{396519DD-645B-412B-A5D3-DB32DEE4A04E}.Release|iPhone.Deploy.0 = Release|Any CPU
		{396519DD-645B-412B-A5D3-DB32DEE4A04E}.Release|iPhoneSimulator.ActiveCfg = Release|Any CPU
		{396519DD-645B-412B-A5D3-DB32DEE4A04E}.Release|iPhoneSimulator.Build.0 = Release|Any CPU
		{396519DD-645B-412B-A5D3-DB32DEE4A04E}.Release|iPhoneSimulator.Deploy.0 = Release|Any CPU
		{396519DD-645B-412B-A5D3-DB32DEE4A04E}.Release|x64.ActiveCfg = Release|Any CPU
		{396519DD-645B-412B-A5D3-DB32DEE4A04E}.Release|x64.Build.0 = Release|Any CPU
		{396519DD-645B-412B-A5D3-DB32DEE4A04E}.Release|x64.Deploy.0 = Release|Any CPU
		{396519DD-645B-412B-A5D3-DB32DEE4A04E}.Release|x86.ActiveCfg = Release|Any CPU
		{396519DD-645B-412B-A5D3-DB32DEE4A04E}.Release|x86.Build.0 = Release|Any CPU
		{396519DD-645B-412B-A5D3-DB32DEE4A04E}.Release|x86.Deploy.0 = Release|Any CPU
		{5F59FC38-B5EF-4C73-9231-89A6D0E10865}.Ad-Hoc|Any CPU.ActiveCfg = Ad-Hoc|iPhone
		{5F59FC38-B5EF-4C73-9231-89A6D0E10865}.Ad-Hoc|ARM.ActiveCfg = Ad-Hoc|iPhone
		{5F59FC38-B5EF-4C73-9231-89A6D0E10865}.Ad-Hoc|iPhone.ActiveCfg = Ad-Hoc|iPhone
		{5F59FC38-B5EF-4C73-9231-89A6D0E10865}.Ad-Hoc|iPhone.Build.0 = Ad-Hoc|iPhone
		{5F59FC38-B5EF-4C73-9231-89A6D0E10865}.Ad-Hoc|iPhoneSimulator.ActiveCfg = Ad-Hoc|iPhoneSimulator
		{5F59FC38-B5EF-4C73-9231-89A6D0E10865}.Ad-Hoc|iPhoneSimulator.Build.0 = Ad-Hoc|iPhoneSimulator
		{5F59FC38-B5EF-4C73-9231-89A6D0E10865}.Ad-Hoc|x64.ActiveCfg = Ad-Hoc|iPhone
		{5F59FC38-B5EF-4C73-9231-89A6D0E10865}.Ad-Hoc|x86.ActiveCfg = Ad-Hoc|iPhone
		{5F59FC38-B5EF-4C73-9231-89A6D0E10865}.AppStore|Any CPU.ActiveCfg = AppStore|iPhone
		{5F59FC38-B5EF-4C73-9231-89A6D0E10865}.AppStore|ARM.ActiveCfg = AppStore|iPhone
		{5F59FC38-B5EF-4C73-9231-89A6D0E10865}.AppStore|iPhone.ActiveCfg = AppStore|iPhone
		{5F59FC38-B5EF-4C73-9231-89A6D0E10865}.AppStore|iPhone.Build.0 = AppStore|iPhone
		{5F59FC38-B5EF-4C73-9231-89A6D0E10865}.AppStore|iPhoneSimulator.ActiveCfg = AppStore|iPhoneSimulator
		{5F59FC38-B5EF-4C73-9231-89A6D0E10865}.AppStore|iPhoneSimulator.Build.0 = AppStore|iPhoneSimulator
		{5F59FC38-B5EF-4C73-9231-89A6D0E10865}.AppStore|x64.ActiveCfg = AppStore|iPhone
		{5F59FC38-B5EF-4C73-9231-89A6D0E10865}.AppStore|x86.ActiveCfg = AppStore|iPhone
		{5F59FC38-B5EF-4C73-9231-89A6D0E10865}.Debug|Any CPU.ActiveCfg = Debug|iPhone
		{5F59FC38-B5EF-4C73-9231-89A6D0E10865}.Debug|ARM.ActiveCfg = Debug|iPhone
		{5F59FC38-B5EF-4C73-9231-89A6D0E10865}.Debug|iPhone.ActiveCfg = Debug|iPhone
		{5F59FC38-B5EF-4C73-9231-89A6D0E10865}.Debug|iPhone.Build.0 = Debug|iPhone
		{5F59FC38-B5EF-4C73-9231-89A6D0E10865}.Debug|iPhoneSimulator.ActiveCfg = Debug|iPhoneSimulator
		{5F59FC38-B5EF-4C73-9231-89A6D0E10865}.Debug|iPhoneSimulator.Build.0 = Debug|iPhoneSimulator
		{5F59FC38-B5EF-4C73-9231-89A6D0E10865}.Debug|x64.ActiveCfg = Debug|iPhone
		{5F59FC38-B5EF-4C73-9231-89A6D0E10865}.Debug|x86.ActiveCfg = Debug|iPhone
		{5F59FC38-B5EF-4C73-9231-89A6D0E10865}.Release|Any CPU.ActiveCfg = Release|iPhone
		{5F59FC38-B5EF-4C73-9231-89A6D0E10865}.Release|ARM.ActiveCfg = Release|iPhone
		{5F59FC38-B5EF-4C73-9231-89A6D0E10865}.Release|iPhone.ActiveCfg = Release|iPhone
		{5F59FC38-B5EF-4C73-9231-89A6D0E10865}.Release|iPhone.Build.0 = Release|iPhone
		{5F59FC38-B5EF-4C73-9231-89A6D0E10865}.Release|iPhoneSimulator.ActiveCfg = Release|iPhoneSimulator
		{5F59FC38-B5EF-4C73-9231-89A6D0E10865}.Release|iPhoneSimulator.Build.0 = Release|iPhoneSimulator
		{5F59FC38-B5EF-4C73-9231-89A6D0E10865}.Release|x64.ActiveCfg = Release|iPhone
		{5F59FC38-B5EF-4C73-9231-89A6D0E10865}.Release|x86.ActiveCfg = Release|iPhone
	EndGlobalSection
	GlobalSection(SolutionProperties) = preSolution
		HideSolutionNode = FALSE
	EndGlobalSection
EndGlobal
